
Microsoft Visual Studio Solution File, Format Version 12.00
# Visual Studio 15
VisualStudioVersion = 15.0.28010.2036
MinimumVisualStudioVersion = 10.0.40219.1
Project("{FAE04EC0-301F-11D3-BF4B-00C04F79EFBC}") = "ToDo", "ToDo\ToDo.csproj", "{3A44ED35-9673-444E-A718-76E0CD1336A4}"
EndProject
Global
	GlobalSection(SolutionConfigurationPlatforms) = preSolution
		Debug|Any CPU = Debug|Any CPU
		Release|Any CPU = Release|Any CPU
	EndGlobalSection
	GlobalSection(ProjectConfigurationPlatforms) = postSolution
		{3A44ED35-9673-444E-A718-76E0CD1336A4}.Debug|Any CPU.ActiveCfg = Debug|Any CPU
		{3A44ED35-9673-444E-A718-76E0CD1336A4}.Debug|Any CPU.Build.0 = Debug|Any CPU
		{3A44ED35-9673-444E-A718-76E0CD1336A4}.Release|Any CPU.ActiveCfg = Release|Any CPU
		{3A44ED35-9673-444E-A718-76E0CD1336A4}.Release|Any CPU.Build.0 = Release|Any CPU
	EndGlobalSection
	GlobalSection(SolutionProperties) = preSolution
		HideSolutionNode = FALSE
	EndGlobalSection
	GlobalSection(ExtensibilityGlobals) = postSolution
		SolutionGuid = {9A618E72-7D01-49D4-96AE-C2525EA65834}
	EndGlobalSection
EndGlobal
