
Microsoft Visual Studio Solution File, Format Version 12.00
# Visual Studio 15
VisualStudioVersion = 15.0.28010.2050
MinimumVisualStudioVersion = 10.0.40219.1
Project("{FAE04EC0-301F-11D3-BF4B-00C04F79EFBC}") = "Forum", "Forum\Forum.csproj", "{A0081AB6-A2B2-41BF-82DE-BC246B7F64D3}"
EndProject
Global
	GlobalSection(SolutionConfigurationPlatforms) = preSolution
		Debug|Any CPU = Debug|Any CPU
		Release|Any CPU = Release|Any CPU
	EndGlobalSection
	GlobalSection(ProjectConfigurationPlatforms) = postSolution
		{A0081AB6-A2B2-41BF-82DE-BC246B7F64D3}.Debug|Any CPU.ActiveCfg = Debug|Any CPU
		{A0081AB6-A2B2-41BF-82DE-BC246B7F64D3}.Debug|Any CPU.Build.0 = Debug|Any CPU
		{A0081AB6-A2B2-41BF-82DE-BC246B7F64D3}.Release|Any CPU.ActiveCfg = Release|Any CPU
		{A0081AB6-A2B2-41BF-82DE-BC246B7F64D3}.Release|Any CPU.Build.0 = Release|Any CPU
	EndGlobalSection
	GlobalSection(SolutionProperties) = preSolution
		HideSolutionNode = FALSE
	EndGlobalSection
	GlobalSection(ExtensibilityGlobals) = postSolution
		SolutionGuid = {8786478F-8A60-4837-9DC2-31FD8C2EBDE9}
	EndGlobalSection
EndGlobal
